<?xml version="1.0" encoding="utf-8"?>
<Project ToolsVersion="4.0" xmlns="http://schemas.microsoft.com/developer/msbuild/2003">
  <ItemGroup>
    <Filter Include="Scene">
      <UniqueIdentifier>{d2379a4f-09c6-4499-bacf-b19484ebd8b9}</UniqueIdentifier>
    </Filter>
  </ItemGroup>
  <ItemGroup>
    <ClInclude Include="SandwichLoadScene.h">
      <Filter>Scene</Filter>
    </ClInclude>
    <ClInclude Include="SandwichPlayScene.h" />
  </ItemGroup>
  <ItemGroup>
    <ClCompile Include="SandwichPlayScene.cpp" />
  </ItemGroup>
</Project>